// !$*UTF8*$!
{
	archiveVersion = 1;
	classes = {
	};
	objectVersion = 50;
	objects = {

/* Begin PBXBuildFile section */
		36C99C70217488ED00EA3266 /* AppDelegate.swift in Sources */ = {isa = PBXBuildFile; fileRef = 36C99C6F217488ED00EA3266 /* AppDelegate.swift */; };
		36C99C75217488ED00EA3266 /* Main.storyboard in Resources */ = {isa = PBXBuildFile; fileRef = 36C99C73217488ED00EA3266 /* Main.storyboard */; };
		36C99C77217488EE00EA3266 /* Assets.xcassets in Resources */ = {isa = PBXBuildFile; fileRef = 36C99C76217488EE00EA3266 /* Assets.xcassets */; };
		36C99C7A217488EE00EA3266 /* LaunchScreen.storyboard in Resources */ = {isa = PBXBuildFile; fileRef = 36C99C78217488EE00EA3266 /* LaunchScreen.storyboard */; };
		5685806F21772B5D00317A18 /* Item.swift in Sources */ = {isa = PBXBuildFile; fileRef = 5685806E21772B5D00317A18 /* Item.swift */; };
		5685807121772CF100317A18 /* Journey.swift in Sources */ = {isa = PBXBuildFile; fileRef = 5685807021772CF100317A18 /* Journey.swift */; };
		568580732177356000317A18 /* ItemEntry.swift in Sources */ = {isa = PBXBuildFile; fileRef = 568580722177356000317A18 /* ItemEntry.swift */; };
		568580752177380A00317A18 /* PackingList.swift in Sources */ = {isa = PBXBuildFile; fileRef = 568580742177380A00317A18 /* PackingList.swift */; };
		56E67015217873A000FEFCAA /* FormViewController.swift in Sources */ = {isa = PBXBuildFile; fileRef = 56E67014217873A000FEFCAA /* FormViewController.swift */; };
		56E6701921788F0B00FEFCAA /* ActivitiesViewController.swift in Sources */ = {isa = PBXBuildFile; fileRef = 56E6701821788F0B00FEFCAA /* ActivitiesViewController.swift */; };
		56E6701B21788F4800FEFCAA /* FinalListViewController.swift in Sources */ = {isa = PBXBuildFile; fileRef = 56E6701A21788F4800FEFCAA /* FinalListViewController.swift */; };
		56FFD15C217503F900EED31F /* DataManager.swift in Sources */ = {isa = PBXBuildFile; fileRef = 56FFD15B217503F900EED31F /* DataManager.swift */; };
		56FFD15E2175051100EED31F /* MainTableViewController.swift in Sources */ = {isa = PBXBuildFile; fileRef = 56FFD15D2175051100EED31F /* MainTableViewController.swift */; };
/* End PBXBuildFile section */

/* Begin PBXFileReference section */
		36C99C6C217488ED00EA3266 /* EzPack.app */ = {isa = PBXFileReference; explicitFileType = wrapper.application; includeInIndex = 0; path = EzPack.app; sourceTree = BUILT_PRODUCTS_DIR; };
		36C99C6F217488ED00EA3266 /* AppDelegate.swift */ = {isa = PBXFileReference; lastKnownFileType = sourcecode.swift; path = AppDelegate.swift; sourceTree = "<group>"; };
		36C99C74217488ED00EA3266 /* Base */ = {isa = PBXFileReference; lastKnownFileType = file.storyboard; name = Base; path = Base.lproj/Main.storyboard; sourceTree = "<group>"; };
		36C99C76217488EE00EA3266 /* Assets.xcassets */ = {isa = PBXFileReference; lastKnownFileType = folder.assetcatalog; path = Assets.xcassets; sourceTree = "<group>"; };
		36C99C79217488EE00EA3266 /* Base */ = {isa = PBXFileReference; lastKnownFileType = file.storyboard; name = Base; path = Base.lproj/LaunchScreen.storyboard; sourceTree = "<group>"; };
		36C99C7B217488EE00EA3266 /* Info.plist */ = {isa = PBXFileReference; lastKnownFileType = text.plist.xml; path = Info.plist; sourceTree = "<group>"; };
		5685806E21772B5D00317A18 /* Item.swift */ = {isa = PBXFileReference; lastKnownFileType = sourcecode.swift; path = Item.swift; sourceTree = "<group>"; };
		5685807021772CF100317A18 /* Journey.swift */ = {isa = PBXFileReference; lastKnownFileType = sourcecode.swift; path = Journey.swift; sourceTree = "<group>"; };
		568580722177356000317A18 /* ItemEntry.swift */ = {isa = PBXFileReference; lastKnownFileType = sourcecode.swift; path = ItemEntry.swift; sourceTree = "<group>"; };
		568580742177380A00317A18 /* PackingList.swift */ = {isa = PBXFileReference; lastKnownFileType = sourcecode.swift; path = PackingList.swift; sourceTree = "<group>"; };
		56E67014217873A000FEFCAA /* FormViewController.swift */ = {isa = PBXFileReference; lastKnownFileType = sourcecode.swift; path = FormViewController.swift; sourceTree = "<group>"; };
		56E6701821788F0B00FEFCAA /* ActivitiesViewController.swift */ = {isa = PBXFileReference; lastKnownFileType = sourcecode.swift; path = ActivitiesViewController.swift; sourceTree = "<group>"; };
		56E6701A21788F4800FEFCAA /* FinalListViewController.swift */ = {isa = PBXFileReference; lastKnownFileType = sourcecode.swift; path = FinalListViewController.swift; sourceTree = "<group>"; };
		56FFD15B217503F900EED31F /* DataManager.swift */ = {isa = PBXFileReference; lastKnownFileType = sourcecode.swift; path = DataManager.swift; sourceTree = "<group>"; };
		56FFD15D2175051100EED31F /* MainTableViewController.swift */ = {isa = PBXFileReference; lastKnownFileType = sourcecode.swift; path = MainTableViewController.swift; sourceTree = "<group>"; };
/* End PBXFileReference section */

/* Begin PBXFrameworksBuildPhase section */
		36C99C69217488ED00EA3266 /* Frameworks */ = {
			isa = PBXFrameworksBuildPhase;
			buildActionMask = 2147483647;
			files = (
			);
			runOnlyForDeploymentPostprocessing = 0;
		};
/* End PBXFrameworksBuildPhase section */

/* Begin PBXGroup section */
		36C99C63217488ED00EA3266 = {
			isa = PBXGroup;
			children = (
				36C99C6E217488ED00EA3266 /* EzPack */,
				36C99C6D217488ED00EA3266 /* Products */,
			);
			sourceTree = "<group>";
		};
		36C99C6D217488ED00EA3266 /* Products */ = {
			isa = PBXGroup;
			children = (
				36C99C6C217488ED00EA3266 /* EzPack.app */,
			);
			name = Products;
			sourceTree = "<group>";
		};
		36C99C6E217488ED00EA3266 /* EzPack */ = {
			isa = PBXGroup;
			children = (
				36C99C7B217488EE00EA3266 /* Info.plist */,
				56FFD1592174DFB100EED31F /* View */,
				56FFD1582174C4EC00EED31F /* ViewControllers */,
				56FFD1572174C4DC00EED31F /* Models */,
				56FFD15A2174DFEF00EED31F /* Supporting file */,
			);
			path = EzPack;
			sourceTree = "<group>";
		};
		56FFD1572174C4DC00EED31F /* Models */ = {
			isa = PBXGroup;
			children = (
				5685806E21772B5D00317A18 /* Item.swift */,
				5685807021772CF100317A18 /* Journey.swift */,
				568580722177356000317A18 /* ItemEntry.swift */,
				568580742177380A00317A18 /* PackingList.swift */,
				56FFD15B217503F900EED31F /* DataManager.swift */,
			);
			path = Models;
			sourceTree = "<group>";
		};
		56FFD1582174C4EC00EED31F /* ViewControllers */ = {
			isa = PBXGroup;
			children = (
				56FFD15D2175051100EED31F /* MainTableViewController.swift */,
				36C99C6F217488ED00EA3266 /* AppDelegate.swift */,
				56E67014217873A000FEFCAA /* FormViewController.swift */,
				56E6701821788F0B00FEFCAA /* ActivitiesViewController.swift */,
				56E6701A21788F4800FEFCAA /* FinalListViewController.swift */,
			);
			path = ViewControllers;
			sourceTree = "<group>";
		};
		56FFD1592174DFB100EED31F /* View */ = {
			isa = PBXGroup;
			children = (
				36C99C73217488ED00EA3266 /* Main.storyboard */,
				36C99C76217488EE00EA3266 /* Assets.xcassets */,
			);
			path = View;
			sourceTree = "<group>";
		};
		56FFD15A2174DFEF00EED31F /* Supporting file */ = {
			isa = PBXGroup;
			children = (
				36C99C78217488EE00EA3266 /* LaunchScreen.storyboard */,
			);
			path = "Supporting file";
			sourceTree = "<group>";
		};
/* End PBXGroup section */

/* Begin PBXNativeTarget section */
		36C99C6B217488ED00EA3266 /* EzPack */ = {
			isa = PBXNativeTarget;
			buildConfigurationList = 36C99C7E217488EE00EA3266 /* Build configuration list for PBXNativeTarget "EzPack" */;
			buildPhases = (
				36C99C68217488ED00EA3266 /* Sources */,
				36C99C69217488ED00EA3266 /* Frameworks */,
				36C99C6A217488ED00EA3266 /* Resources */,
			);
			buildRules = (
			);
			dependencies = (
			);
			name = EzPack;
			productName = EzPack;
			productReference = 36C99C6C217488ED00EA3266 /* EzPack.app */;
			productType = "com.apple.product-type.application";
		};
/* End PBXNativeTarget section */

/* Begin PBXProject section */
		36C99C64217488ED00EA3266 /* Project object */ = {
			isa = PBXProject;
			attributes = {
				LastSwiftUpdateCheck = 1000;
				LastUpgradeCheck = 1000;
				ORGANIZATIONNAME = BathroomTeam;
				TargetAttributes = {
					36C99C6B217488ED00EA3266 = {
						CreatedOnToolsVersion = 10.0;
					};
				};
			};
			buildConfigurationList = 36C99C67217488ED00EA3266 /* Build configuration list for PBXProject "EzPack" */;
			compatibilityVersion = "Xcode 9.3";
			developmentRegion = en;
			hasScannedForEncodings = 0;
			knownRegions = (
				en,
				Base,
			);
			mainGroup = 36C99C63217488ED00EA3266;
			productRefGroup = 36C99C6D217488ED00EA3266 /* Products */;
			projectDirPath = "";
			projectRoot = "";
			targets = (
				36C99C6B217488ED00EA3266 /* EzPack */,
			);
		};
/* End PBXProject section */

/* Begin PBXResourcesBuildPhase section */
		36C99C6A217488ED00EA3266 /* Resources */ = {
			isa = PBXResourcesBuildPhase;
			buildActionMask = 2147483647;
			files = (
				36C99C7A217488EE00EA3266 /* LaunchScreen.storyboard in Resources */,
				36C99C77217488EE00EA3266 /* Assets.xcassets in Resources */,
				36C99C75217488ED00EA3266 /* Main.storyboard in Resources */,
			);
			runOnlyForDeploymentPostprocessing = 0;
		};
/* End PBXResourcesBuildPhase section */

/* Begin PBXSourcesBuildPhase section */
		36C99C68217488ED00EA3266 /* Sources */ = {
			isa = PBXSourcesBuildPhase;
			buildActionMask = 2147483647;
			files = (
				5685806F21772B5D00317A18 /* Item.swift in Sources */,
				568580732177356000317A18 /* ItemEntry.swift in Sources */,
				56FFD15E2175051100EED31F /* MainTableViewController.swift in Sources */,
				56FFD15C217503F900EED31F /* DataManager.swift in Sources */,
				56E6701921788F0B00FEFCAA /* ActivitiesViewController.swift in Sources */,
				56E6701B21788F4800FEFCAA /* FinalListViewController.swift in Sources */,
				36C99C70217488ED00EA3266 /* AppDelegate.swift in Sources */,
				5685807121772CF100317A18 /* Journey.swift in Sources */,
				56E67015217873A000FEFCAA /* FormViewController.swift in Sources */,
				568580752177380A00317A18 /* PackingList.swift in Sources */,
			);
			runOnlyForDeploymentPostprocessing = 0;
		};
/* End PBXSourcesBuildPhase section */

/* Begin PBXVariantGroup section */
		36C99C73217488ED00EA3266 /* Main.storyboard */ = {
			isa = PBXVariantGroup;
			children = (
				36C99C74217488ED00EA3266 /* Base */,
			);
			name = Main.storyboard;
			sourceTree = "<group>";
		};
		36C99C78217488EE00EA3266 /* LaunchScreen.storyboard */ = {
			isa = PBXVariantGroup;
			children = (
				36C99C79217488EE00EA3266 /* Base */,
			);
			name = LaunchScreen.storyboard;
			sourceTree = "<group>";
		};
/* End PBXVariantGroup section */

/* Begin XCBuildConfiguration section */
		36C99C7C217488EE00EA3266 /* Debug */ = {
			isa = XCBuildConfiguration;
			buildSettings = {
				ALWAYS_SEARCH_USER_PATHS = NO;
				CLANG_ANALYZER_NONNULL = YES;
				CLANG_ANALYZER_NUMBER_OBJECT_CONVERSION = YES_AGGRESSIVE;
				CLANG_CXX_LANGUAGE_STANDARD = "gnu++14";
				CLANG_CXX_LIBRARY = "libc++";
				CLANG_ENABLE_MODULES = YES;
				CLANG_ENABLE_OBJC_ARC = YES;
				CLANG_ENABLE_OBJC_WEAK = YES;
				CLANG_WARN_BLOCK_CAPTURE_AUTORELEASING = YES;
				CLANG_WARN_BOOL_CONVERSION = YES;
				CLANG_WARN_COMMA = YES;
				CLANG_WARN_CONSTANT_CONVERSION = YES;
				CLANG_WARN_DEPRECATED_OBJC_IMPLEMENTATIONS = YES;
				CLANG_WARN_DIRECT_OBJC_ISA_USAGE = YES_ERROR;
				CLANG_WARN_DOCUMENTATION_COMMENTS = YES;
				CLANG_WARN_EMPTY_BODY = YES;
				CLANG_WARN_ENUM_CONVERSION = YES;
				CLANG_WARN_INFINITE_RECURSION = YES;
				CLANG_WARN_INT_CONVERSION = YES;
				CLANG_WARN_NON_LITERAL_NULL_CONVERSION = YES;
				CLANG_WARN_OBJC_IMPLICIT_RETAIN_SELF = YES;
				CLANG_WARN_OBJC_LITERAL_CONVERSION = YES;
				CLANG_WARN_OBJC_ROOT_CLASS = YES_ERROR;
				CLANG_WARN_RANGE_LOOP_ANALYSIS = YES;
				CLANG_WARN_STRICT_PROTOTYPES = YES;
				CLANG_WARN_SUSPICIOUS_MOVE = YES;
				CLANG_WARN_UNGUARDED_AVAILABILITY = YES_AGGRESSIVE;
				CLANG_WARN_UNREACHABLE_CODE = YES;
				CLANG_WARN__DUPLICATE_METHOD_MATCH = YES;
				CODE_SIGN_IDENTITY = "iPhone Developer";
				COPY_PHASE_STRIP = NO;
				DEBUG_INFORMATION_FORMAT = dwarf;
				ENABLE_STRICT_OBJC_MSGSEND = YES;
				ENABLE_TESTABILITY = YES;
				GCC_C_LANGUAGE_STANDARD = gnu11;
				GCC_DYNAMIC_NO_PIC = NO;
				GCC_NO_COMMON_BLOCKS = YES;
				GCC_OPTIMIZATION_LEVEL = 0;
				GCC_PREPROCESSOR_DEFINITIONS = (
					"DEBUG=1",
					"$(inherited)",
				);
				GCC_WARN_64_TO_32_BIT_CONVERSION = YES;
				GCC_WARN_ABOUT_RETURN_TYPE = YES_ERROR;
				GCC_WARN_UNDECLARED_SELECTOR = YES;
				GCC_WARN_UNINITIALIZED_AUTOS = YES_AGGRESSIVE;
				GCC_WARN_UNUSED_FUNCTION = YES;
				GCC_WARN_UNUSED_VARIABLE = YES;
				IPHONEOS_DEPLOYMENT_TARGET = 12.0;
				MTL_ENABLE_DEBUG_INFO = INCLUDE_SOURCE;
				MTL_FAST_MATH = YES;
				ONLY_ACTIVE_ARCH = YES;
				SDKROOT = iphoneos;
				SWIFT_ACTIVE_COMPILATION_CONDITIONS = DEBUG;
				SWIFT_OPTIMIZATION_LEVEL = "-Onone";
			};
			name = Debug;
		};
		36C99C7D217488EE00EA3266 /* Release */ = {
			isa = XCBuildConfiguration;
			buildSettings = {
				ALWAYS_SEARCH_USER_PATHS = NO;
				CLANG_ANALYZER_NONNULL = YES;
				CLANG_ANALYZER_NUMBER_OBJECT_CONVERSION = YES_AGGRESSIVE;
				CLANG_CXX_LANGUAGE_STANDARD = "gnu++14";
				CLANG_CXX_LIBRARY = "libc++";
				CLANG_ENABLE_MODULES = YES;
				CLANG_ENABLE_OBJC_ARC = YES;
				CLANG_ENABLE_OBJC_WEAK = YES;
				CLANG_WARN_BLOCK_CAPTURE_AUTORELEASING = YES;
				CLANG_WARN_BOOL_CONVERSION = YES;
				CLANG_WARN_COMMA = YES;
				CLANG_WARN_CONSTANT_CONVERSION = YES;
				CLANG_WARN_DEPRECATED_OBJC_IMPLEMENTATIONS = YES;
				CLANG_WARN_DIRECT_OBJC_ISA_USAGE = YES_ERROR;
				CLANG_WARN_DOCUMENTATION_COMMENTS = YES;
				CLANG_WARN_EMPTY_BODY = YES;
				CLANG_WARN_ENUM_CONVERSION = YES;
				CLANG_WARN_INFINITE_RECURSION = YES;
				CLANG_WARN_INT_CONVERSION = YES;
				CLANG_WARN_NON_LITERAL_NULL_CONVERSION = YES;
				CLANG_WARN_OBJC_IMPLICIT_RETAIN_SELF = YES;
				CLANG_WARN_OBJC_LITERAL_CONVERSION = YES;
				CLANG_WARN_OBJC_ROOT_CLASS = YES_ERROR;
				CLANG_WARN_RANGE_LOOP_ANALYSIS = YES;
				CLANG_WARN_STRICT_PROTOTYPES = YES;
				CLANG_WARN_SUSPICIOUS_MOVE = YES;
				CLANG_WARN_UNGUARDED_AVAILABILITY = YES_AGGRESSIVE;
				CLANG_WARN_UNREACHABLE_CODE = YES;
				CLANG_WARN__DUPLICATE_METHOD_MATCH = YES;
				CODE_SIGN_IDENTITY = "iPhone Developer";
				COPY_PHASE_STRIP = NO;
				DEBUG_INFORMATION_FORMAT = "dwarf-with-dsym";
				ENABLE_NS_ASSERTIONS = NO;
				ENABLE_STRICT_OBJC_MSGSEND = YES;
				GCC_C_LANGUAGE_STANDARD = gnu11;
				GCC_NO_COMMON_BLOCKS = YES;
				GCC_WARN_64_TO_32_BIT_CONVERSION = YES;
				GCC_WARN_ABOUT_RETURN_TYPE = YES_ERROR;
				GCC_WARN_UNDECLARED_SELECTOR = YES;
				GCC_WARN_UNINITIALIZED_AUTOS = YES_AGGRESSIVE;
				GCC_WARN_UNUSED_FUNCTION = YES;
				GCC_WARN_UNUSED_VARIABLE = YES;
				IPHONEOS_DEPLOYMENT_TARGET = 12.0;
				MTL_ENABLE_DEBUG_INFO = NO;
				MTL_FAST_MATH = YES;
				SDKROOT = iphoneos;
				SWIFT_COMPILATION_MODE = wholemodule;
				SWIFT_OPTIMIZATION_LEVEL = "-O";
				VALIDATE_PRODUCT = YES;
			};
			name = Release;
		};
		36C99C7F217488EE00EA3266 /* Debug */ = {
			isa = XCBuildConfiguration;
			buildSettings = {
				ASSETCATALOG_COMPILER_APPICON_NAME = AppIcon;
				CODE_SIGN_STYLE = Automatic;
				DEVELOPMENT_TEAM = U6Z86UD9V8;
				INFOPLIST_FILE = EzPack/Info.plist;
				LD_RUNPATH_SEARCH_PATHS = (
					"$(inherited)",
					"@executable_path/Frameworks",
				);
				PRODUCT_BUNDLE_IDENTIFIER = com.bathroomteam.EzPack;
				PRODUCT_NAME = "$(TARGET_NAME)";
				SWIFT_VERSION = 4.2;
				TARGETED_DEVICE_FAMILY = "1,2";
			};
			name = Debug;
		};
		36C99C80217488EE00EA3266 /* Release */ = {
			isa = XCBuildConfiguration;
			buildSettings = {
				ASSETCATALOG_COMPILER_APPICON_NAME = AppIcon;
				CODE_SIGN_STYLE = Automatic;
				DEVELOPMENT_TEAM = U6Z86UD9V8;
				INFOPLIST_FILE = EzPack/Info.plist;
				LD_RUNPATH_SEARCH_PATHS = (
					"$(inherited)",
					"@executable_path/Frameworks",
				);
				PRODUCT_BUNDLE_IDENTIFIER = com.bathroomteam.EzPack;
				PRODUCT_NAME = "$(TARGET_NAME)";
				SWIFT_VERSION = 4.2;
				TARGETED_DEVICE_FAMILY = "1,2";
			};
			name = Release;
		};
/* End XCBuildConfiguration section */

/* Begin XCConfigurationList section */
		36C99C67217488ED00EA3266 /* Build configuration list for PBXProject "EzPack" */ = {
			isa = XCConfigurationList;
			buildConfigurations = (
				36C99C7C217488EE00EA3266 /* Debug */,
				36C99C7D217488EE00EA3266 /* Release */,
			);
			defaultConfigurationIsVisible = 0;
			defaultConfigurationName = Release;
		};
		36C99C7E217488EE00EA3266 /* Build configuration list for PBXNativeTarget "EzPack" */ = {
			isa = XCConfigurationList;
			buildConfigurations = (
				36C99C7F217488EE00EA3266 /* Debug */,
				36C99C80217488EE00EA3266 /* Release */,
			);
			defaultConfigurationIsVisible = 0;
			defaultConfigurationName = Release;
		};
/* End XCConfigurationList section */
	};
	rootObject = 36C99C64217488ED00EA3266 /* Project object */;
}
